// !$*UTF8*$!
{
	archiveVersion = 1;
	classes = {
	};
	objectVersion = 46;
	objects = {

/* Begin PBXBuildFile section */
		F3AEB77719E781D500393BB0 /* Foundation.framework in Frameworks */ = {isa = PBXBuildFile; fileRef = F3AEB77619E781D500393BB0 /* Foundation.framework */; };
		F3AEB77919E781D500393BB0 /* CoreGraphics.framework in Frameworks */ = {isa = PBXBuildFile; fileRef = F3AEB77819E781D500393BB0 /* CoreGraphics.framework */; };
		F3AEB77B19E781D500393BB0 /* UIKit.framework in Frameworks */ = {isa = PBXBuildFile; fileRef = F3AEB77A19E781D500393BB0 /* UIKit.framework */; };
		F3AEB78119E781D500393BB0 /* InfoPlist.strings in Resources */ = {isa = PBXBuildFile; fileRef = F3AEB77F19E781D500393BB0 /* InfoPlist.strings */; };
		F3AEB78319E781D500393BB0 /* main.m in Sources */ = {isa = PBXBuildFile; fileRef = F3AEB78219E781D500393BB0 /* main.m */; };
		F3AEB78719E781D500393BB0 /* AppDelegate.m in Sources */ = {isa = PBXBuildFile; fileRef = F3AEB78619E781D500393BB0 /* AppDelegate.m */; };
		F3AEB78919E781D500393BB0 /* Images.xcassets in Resources */ = {isa = PBXBuildFile; fileRef = F3AEB78819E781D500393BB0 /* Images.xcassets */; };
		F3AEB79019E781D500393BB0 /* XCTest.framework in Frameworks */ = {isa = PBXBuildFile; fileRef = F3AEB78F19E781D500393BB0 /* XCTest.framework */; };
		F3AEB79119E781D500393BB0 /* Foundation.framework in Frameworks */ = {isa = PBXBuildFile; fileRef = F3AEB77619E781D500393BB0 /* Foundation.framework */; };
		F3AEB79219E781D500393BB0 /* UIKit.framework in Frameworks */ = {isa = PBXBuildFile; fileRef = F3AEB77A19E781D500393BB0 /* UIKit.framework */; };
		F3AEB79A19E781D500393BB0 /* InfoPlist.strings in Resources */ = {isa = PBXBuildFile; fileRef = F3AEB79819E781D500393BB0 /* InfoPlist.strings */; };
		F3AEB79C19E781D500393BB0 /* gittest1Tests.m in Sources */ = {isa = PBXBuildFile; fileRef = F3AEB79B19E781D500393BB0 /* gittest1Tests.m */; };
/* End PBXBuildFile section */

/* Begin PBXContainerItemProxy section */
		F3AEB79319E781D500393BB0 /* PBXContainerItemProxy */ = {
			isa = PBXContainerItemProxy;
			containerPortal = F3AEB76B19E781D500393BB0 /* Project object */;
			proxyType = 1;
			remoteGlobalIDString = F3AEB77219E781D500393BB0;
			remoteInfo = gittest1;
		};
/* End PBXContainerItemProxy section */

/* Begin PBXFileReference section */
		F3AEB77319E781D500393BB0 /* gittest1.app */ = {isa = PBXFileReference; explicitFileType = wrapper.application; includeInIndex = 0; path = gittest1.app; sourceTree = BUILT_PRODUCTS_DIR; };
		F3AEB77619E781D500393BB0 /* Foundation.framework */ = {isa = PBXFileReference; lastKnownFileType = wrapper.framework; name = Foundation.framework; path = System/Library/Frameworks/Foundation.framework; sourceTree = SDKROOT; };
		F3AEB77819E781D500393BB0 /* CoreGraphics.framework */ = {isa = PBXFileReference; lastKnownFileType = wrapper.framework; name = CoreGraphics.framework; path = System/Library/Frameworks/CoreGraphics.framework; sourceTree = SDKROOT; };
		F3AEB77A19E781D500393BB0 /* UIKit.framework */ = {isa = PBXFileReference; lastKnownFileType = wrapper.framework; name = UIKit.framework; path = System/Library/Frameworks/UIKit.framework; sourceTree = SDKROOT; };
		F3AEB77E19E781D500393BB0 /* gittest1-Info.plist */ = {isa = PBXFileReference; lastKnownFileType = text.plist.xml; path = "gittest1-Info.plist"; sourceTree = "<group>"; };
		F3AEB78019E781D500393BB0 /* en */ = {isa = PBXFileReference; lastKnownFileType = text.plist.strings; name = en; path = en.lproj/InfoPlist.strings; sourceTree = "<group>"; };
		F3AEB78219E781D500393BB0 /* main.m */ = {isa = PBXFileReference; lastKnownFileType = sourcecode.c.objc; path = main.m; sourceTree = "<group>"; };
		F3AEB78419E781D500393BB0 /* gittest1-Prefix.pch */ = {isa = PBXFileReference; lastKnownFileType = sourcecode.c.h; path = "gittest1-Prefix.pch"; sourceTree = "<group>"; };
		F3AEB78519E781D500393BB0 /* AppDelegate.h */ = {isa = PBXFileReference; lastKnownFileType = sourcecode.c.h; path = AppDelegate.h; sourceTree = "<group>"; };
		F3AEB78619E781D500393BB0 /* AppDelegate.m */ = {isa = PBXFileReference; lastKnownFileType = sourcecode.c.objc; path = AppDelegate.m; sourceTree = "<group>"; };
		F3AEB78819E781D500393BB0 /* Images.xcassets */ = {isa = PBXFileReference; lastKnownFileType = folder.assetcatalog; path = Images.xcassets; sourceTree = "<group>"; };
		F3AEB78E19E781D500393BB0 /* gittest1Tests.xctest */ = {isa = PBXFileReference; explicitFileType = wrapper.cfbundle; includeInIndex = 0; path = gittest1Tests.xctest; sourceTree = BUILT_PRODUCTS_DIR; };
		F3AEB78F19E781D500393BB0 /* XCTest.framework */ = {isa = PBXFileReference; lastKnownFileType = wrapper.framework; name = XCTest.framework; path = Library/Frameworks/XCTest.framework; sourceTree = DEVELOPER_DIR; };
		F3AEB79719E781D500393BB0 /* gittest1Tests-Info.plist */ = {isa = PBXFileReference; lastKnownFileType = text.plist.xml; path = "gittest1Tests-Info.plist"; sourceTree = "<group>"; };
		F3AEB79919E781D500393BB0 /* en */ = {isa = PBXFileReference; lastKnownFileType = text.plist.strings; name = en; path = en.lproj/InfoPlist.strings; sourceTree = "<group>"; };
		F3AEB79B19E781D500393BB0 /* gittest1Tests.m */ = {isa = PBXFileReference; lastKnownFileType = sourcecode.c.objc; path = gittest1Tests.m; sourceTree = "<group>"; };
/* End PBXFileReference section */

/* Begin PBXFrameworksBuildPhase section */
		F3AEB77019E781D500393BB0 /* Frameworks */ = {
			isa = PBXFrameworksBuildPhase;
			buildActionMask = 2147483647;
			files = (
				F3AEB77919E781D500393BB0 /* CoreGraphics.framework in Frameworks */,
				F3AEB77B19E781D500393BB0 /* UIKit.framework in Frameworks */,
				F3AEB77719E781D500393BB0 /* Foundation.framework in Frameworks */,
			);
			runOnlyForDeploymentPostprocessing = 0;
		};
		F3AEB78B19E781D500393BB0 /* Frameworks */ = {
			isa = PBXFrameworksBuildPhase;
			buildActionMask = 2147483647;
			files = (
				F3AEB79019E781D500393BB0 /* XCTest.framework in Frameworks */,
				F3AEB79219E781D500393BB0 /* UIKit.framework in Frameworks */,
				F3AEB79119E781D500393BB0 /* Foundation.framework in Frameworks */,
			);
			runOnlyForDeploymentPostprocessing = 0;
		};
/* End PBXFrameworksBuildPhase section */

/* Begin PBXGroup section */
		F3AEB76A19E781D500393BB0 = {
			isa = PBXGroup;
			children = (
				F3AEB77C19E781D500393BB0 /* gittest1 */,
				F3AEB79519E781D500393BB0 /* gittest1Tests */,
				F3AEB77519E781D500393BB0 /* Frameworks */,
				F3AEB77419E781D500393BB0 /* Products */,
			);
			sourceTree = "<group>";
		};
		F3AEB77419E781D500393BB0 /* Products */ = {
			isa = PBXGroup;
			children = (
				F3AEB77319E781D500393BB0 /* gittest1.app */,
				F3AEB78E19E781D500393BB0 /* gittest1Tests.xctest */,
			);
			name = Products;
			sourceTree = "<group>";
		};
		F3AEB77519E781D500393BB0 /* Frameworks */ = {
			isa = PBXGroup;
			children = (
				F3AEB77619E781D500393BB0 /* Foundation.framework */,
				F3AEB77819E781D500393BB0 /* CoreGraphics.framework */,
				F3AEB77A19E781D500393BB0 /* UIKit.framework */,
				F3AEB78F19E781D500393BB0 /* XCTest.framework */,
			);
			name = Frameworks;
			sourceTree = "<group>";
		};
		F3AEB77C19E781D500393BB0 /* gittest1 */ = {
			isa = PBXGroup;
			children = (
				F3AEB78519E781D500393BB0 /* AppDelegate.h */,
				F3AEB78619E781D500393BB0 /* AppDelegate.m */,
				F3AEB78819E781D500393BB0 /* Images.xcassets */,
				F3AEB77D19E781D500393BB0 /* Supporting Files */,
			);
			path = gittest1;
			sourceTree = "<group>";
		};
		F3AEB77D19E781D500393BB0 /* Supporting Files */ = {
			isa = PBXGroup;
			children = (
				F3AEB77E19E781D500393BB0 /* gittest1-Info.plist */,
				F3AEB77F19E781D500393BB0 /* InfoPlist.strings */,
				F3AEB78219E781D500393BB0 /* main.m */,
				F3AEB78419E781D500393BB0 /* gittest1-Prefix.pch */,
			);
			name = "Supporting Files";
			sourceTree = "<group>";
		};
		F3AEB79519E781D500393BB0 /* gittest1Tests */ = {
			isa = PBXGroup;
			children = (
				F3AEB79B19E781D500393BB0 /* gittest1Tests.m */,
				F3AEB79619E781D500393BB0 /* Supporting Files */,
			);
			path = gittest1Tests;
			sourceTree = "<group>";
		};
		F3AEB79619E781D500393BB0 /* Supporting Files */ = {
			isa = PBXGroup;
			children = (
				F3AEB79719E781D500393BB0 /* gittest1Tests-Info.plist */,
				F3AEB79819E781D500393BB0 /* InfoPlist.strings */,
			);
			name = "Supporting Files";
			sourceTree = "<group>";
		};
/* End PBXGroup section */

/* Begin PBXNativeTarget section */
		F3AEB77219E781D500393BB0 /* gittest1 */ = {
			isa = PBXNativeTarget;
			buildConfigurationList = F3AEB79F19E781D500393BB0 /* Build configuration list for PBXNativeTarget "gittest1" */;
			buildPhases = (
				F3AEB76F19E781D500393BB0 /* Sources */,
				F3AEB77019E781D500393BB0 /* Frameworks */,
				F3AEB77119E781D500393BB0 /* Resources */,
			);
			buildRules = (
			);
			dependencies = (
			);
			name = gittest1;
			productName = gittest1;
			productReference = F3AEB77319E781D500393BB0 /* gittest1.app */;
			productType = "com.apple.product-type.application";
		};
		F3AEB78D19E781D500393BB0 /* gittest1Tests */ = {
			isa = PBXNativeTarget;
			buildConfigurationList = F3AEB7A219E781D500393BB0 /* Build configuration list for PBXNativeTarget "gittest1Tests" */;
			buildPhases = (
				F3AEB78A19E781D500393BB0 /* Sources */,
				F3AEB78B19E781D500393BB0 /* Frameworks */,
				F3AEB78C19E781D500393BB0 /* Resources */,
			);
			buildRules = (
			);
			dependencies = (
				F3AEB79419E781D500393BB0 /* PBXTargetDependency */,
			);
			name = gittest1Tests;
			productName = gittest1Tests;
			productReference = F3AEB78E19E781D500393BB0 /* gittest1Tests.xctest */;
			productType = "com.apple.product-type.bundle.unit-test";
		};
/* End PBXNativeTarget section */

/* Begin PBXProject section */
		F3AEB76B19E781D500393BB0 /* Project object */ = {
			isa = PBXProject;
			attributes = {
				LastUpgradeCheck = 0510;
				ORGANIZATIONNAME = promo;
				TargetAttributes = {
					F3AEB78D19E781D500393BB0 = {
						TestTargetID = F3AEB77219E781D500393BB0;
					};
				};
			};
			buildConfigurationList = F3AEB76E19E781D500393BB0 /* Build configuration list for PBXProject "gittest1" */;
			compatibilityVersion = "Xcode 3.2";
			developmentRegion = English;
			hasScannedForEncodings = 0;
			knownRegions = (
				en,
			);
			mainGroup = F3AEB76A19E781D500393BB0;
			productRefGroup = F3AEB77419E781D500393BB0 /* Products */;
			projectDirPath = "";
			projectRoot = "";
			targets = (
				F3AEB77219E781D500393BB0 /* gittest1 */,
				F3AEB78D19E781D500393BB0 /* gittest1Tests */,
			);
		};
/* End PBXProject section */

/* Begin PBXResourcesBuildPhase section */
		F3AEB77119E781D500393BB0 /* Resources */ = {
			isa = PBXResourcesBuildPhase;
			buildActionMask = 2147483647;
			files = (
				F3AEB78119E781D500393BB0 /* InfoPlist.strings in Resources */,
				F3AEB78919E781D500393BB0 /* Images.xcassets in Resources */,
			);
			runOnlyForDeploymentPostprocessing = 0;
		};
		F3AEB78C19E781D500393BB0 /* Resources */ = {
			isa = PBXResourcesBuildPhase;
			buildActionMask = 2147483647;
			files = (
				F3AEB79A19E781D500393BB0 /* InfoPlist.strings in Resources */,
			);
			runOnlyForDeploymentPostprocessing = 0;
		};
/* End PBXResourcesBuildPhase section */

/* Begin PBXSourcesBuildPhase section */
		F3AEB76F19E781D500393BB0 /* Sources */ = {
			isa = PBXSourcesBuildPhase;
			buildActionMask = 2147483647;
			files = (
				F3AEB78719E781D500393BB0 /* AppDelegate.m in Sources */,
				F3AEB78319E781D500393BB0 /* main.m in Sources */,
			);
			runOnlyForDeploymentPostprocessing = 0;
		};
		F3AEB78A19E781D500393BB0 /* Sources */ = {
			isa = PBXSourcesBuildPhase;
			buildActionMask = 2147483647;
			files = (
				F3AEB79C19E781D500393BB0 /* gittest1Tests.m in Sources */,
			);
			runOnlyForDeploymentPostprocessing = 0;
		};
/* End PBXSourcesBuildPhase section */

/* Begin PBXTargetDependency section */
		F3AEB79419E781D500393BB0 /* PBXTargetDependency */ = {
			isa = PBXTargetDependency;
			target = F3AEB77219E781D500393BB0 /* gittest1 */;
			targetProxy = F3AEB79319E781D500393BB0 /* PBXContainerItemProxy */;
		};
/* End PBXTargetDependency section */

/* Begin PBXVariantGroup section */
		F3AEB77F19E781D500393BB0 /* InfoPlist.strings */ = {
			isa = PBXVariantGroup;
			children = (
				F3AEB78019E781D500393BB0 /* en */,
			);
			name = InfoPlist.strings;
			sourceTree = "<group>";
		};
		F3AEB79819E781D500393BB0 /* InfoPlist.strings */ = {
			isa = PBXVariantGroup;
			children = (
				F3AEB79919E781D500393BB0 /* en */,
			);
			name = InfoPlist.strings;
			sourceTree = "<group>";
		};
/* End PBXVariantGroup section */

/* Begin XCBuildConfiguration section */
		F3AEB79D19E781D500393BB0 /* Debug */ = {
			isa = XCBuildConfiguration;
			buildSettings = {
				ALWAYS_SEARCH_USER_PATHS = NO;
				CLANG_CXX_LANGUAGE_STANDARD = "gnu++0x";
				CLANG_CXX_LIBRARY = "libc++";
				CLANG_ENABLE_MODULES = YES;
				CLANG_ENABLE_OBJC_ARC = YES;
				CLANG_WARN_BOOL_CONVERSION = YES;
				CLANG_WARN_CONSTANT_CONVERSION = YES;
				CLANG_WARN_DIRECT_OBJC_ISA_USAGE = YES_ERROR;
				CLANG_WARN_EMPTY_BODY = YES;
				CLANG_WARN_ENUM_CONVERSION = YES;
				CLANG_WARN_INT_CONVERSION = YES;
				CLANG_WARN_OBJC_ROOT_CLASS = YES_ERROR;
				CLANG_WARN__DUPLICATE_METHOD_MATCH = YES;
				"CODE_SIGN_IDENTITY[sdk=iphoneos*]" = "iPhone Developer";
				COPY_PHASE_STRIP = NO;
				GCC_C_LANGUAGE_STANDARD = gnu99;
				GCC_DYNAMIC_NO_PIC = NO;
				GCC_OPTIMIZATION_LEVEL = 0;
				GCC_PREPROCESSOR_DEFINITIONS = (
					"DEBUG=1",
					"$(inherited)",
				);
				GCC_SYMBOLS_PRIVATE_EXTERN = NO;
				GCC_WARN_64_TO_32_BIT_CONVERSION = YES;
				GCC_WARN_ABOUT_RETURN_TYPE = YES_ERROR;
				GCC_WARN_UNDECLARED_SELECTOR = YES;
				GCC_WARN_UNINITIALIZED_AUTOS = YES_AGGRESSIVE;
				GCC_WARN_UNUSED_FUNCTION = YES;
				GCC_WARN_UNUSED_VARIABLE = YES;
				IPHONEOS_DEPLOYMENT_TARGET = 7.1;
				ONLY_ACTIVE_ARCH = YES;
				SDKROOT = iphoneos;
			};
			name = Debug;
		};
		F3AEB79E19E781D500393BB0 /* Release */ = {
			isa = XCBuildConfiguration;
			buildSettings = {
				ALWAYS_SEARCH_USER_PATHS = NO;
				CLANG_CXX_LANGUAGE_STANDARD = "gnu++0x";
				CLANG_CXX_LIBRARY = "libc++";
				CLANG_ENABLE_MODULES = YES;
				CLANG_ENABLE_OBJC_ARC = YES;
				CLANG_WARN_BOOL_CONVERSION = YES;
				CLANG_WARN_CONSTANT_CONVERSION = YES;
				CLANG_WARN_DIRECT_OBJC_ISA_USAGE = YES_ERROR;
				CLANG_WARN_EMPTY_BODY = YES;
				CLANG_WARN_ENUM_CONVERSION = YES;
				CLANG_WARN_INT_CONVERSION = YES;
				CLANG_WARN_OBJC_ROOT_CLASS = YES_ERROR;
				CLANG_WARN__DUPLICATE_METHOD_MATCH = YES;
				"CODE_SIGN_IDENTITY[sdk=iphoneos*]" = "iPhone Developer";
				COPY_PHASE_STRIP = YES;
				ENABLE_NS_ASSERTIONS = NO;
				GCC_C_LANGUAGE_STANDARD = gnu99;
				GCC_WARN_64_TO_32_BIT_CONVERSION = YES;
				GCC_WARN_ABOUT_RETURN_TYPE = YES_ERROR;
				GCC_WARN_UNDECLARED_SELECTOR = YES;
				GCC_WARN_UNINITIALIZED_AUTOS = YES_AGGRESSIVE;
				GCC_WARN_UNUSED_FUNCTION = YES;
				GCC_WARN_UNUSED_VARIABLE = YES;
				IPHONEOS_DEPLOYMENT_TARGET = 7.1;
				SDKROOT = iphoneos;
				VALIDATE_PRODUCT = YES;
			};
			name = Release;
		};
		F3AEB7A019E781D500393BB0 /* Debug */ = {
			isa = XCBuildConfiguration;
			buildSettings = {
				ASSETCATALOG_COMPILER_APPICON_NAME = AppIcon;
				ASSETCATALOG_COMPILER_LAUNCHIMAGE_NAME = LaunchImage;
				GCC_PRECOMPILE_PREFIX_HEADER = YES;
				GCC_PREFIX_HEADER = "gittest1/gittest1-Prefix.pch";
				INFOPLIST_FILE = "gittest1/gittest1-Info.plist";
				PRODUCT_NAME = "$(TARGET_NAME)";
				WRAPPER_EXTENSION = app;
			};
			name = Debug;
		};
		F3AEB7A119E781D500393BB0 /* Release */ = {
			isa = XCBuildConfiguration;
			buildSettings = {
				ASSETCATALOG_COMPILER_APPICON_NAME = AppIcon;
				ASSETCATALOG_COMPILER_LAUNCHIMAGE_NAME = LaunchImage;
				GCC_PRECOMPILE_PREFIX_HEADER = YES;
				GCC_PREFIX_HEADER = "gittest1/gittest1-Prefix.pch";
				INFOPLIST_FILE = "gittest1/gittest1-Info.plist";
				PRODUCT_NAME = "$(TARGET_NAME)";
				WRAPPER_EXTENSION = app;
			};
			name = Release;
		};
		F3AEB7A319E781D500393BB0 /* Debug */ = {
			isa = XCBuildConfiguration;
			buildSettings = {
				BUNDLE_LOADER = "$(BUILT_PRODUCTS_DIR)/gittest1.app/gittest1";
				FRAMEWORK_SEARCH_PATHS = (
					"$(SDKROOT)/Developer/Library/Frameworks",
					"$(inherited)",
					"$(DEVELOPER_FRAMEWORKS_DIR)",
				);
				GCC_PRECOMPILE_PREFIX_HEADER = YES;
				GCC_PREFIX_HEADER = "gittest1/gittest1-Prefix.pch";
				GCC_PREPROCESSOR_DEFINITIONS = (
					"DEBUG=1",
					"$(inherited)",
				);
				INFOPLIST_FILE = "gittest1Tests/gittest1Tests-Info.plist";
				PRODUCT_NAME = "$(TARGET_NAME)";
				TEST_HOST = "$(BUNDLE_LOADER)";
				WRAPPER_EXTENSION = xctest;
			};
			name = Debug;
		};
		F3AEB7A419E781D500393BB0 /* Release */ = {
			isa = XCBuildConfiguration;
			buildSettings = {
				BUNDLE_LOADER = "$(BUILT_PRODUCTS_DIR)/gittest1.app/gittest1";
				FRAMEWORK_SEARCH_PATHS = (
					"$(SDKROOT)/Developer/Library/Frameworks",
					"$(inherited)",
					"$(DEVELOPER_FRAMEWORKS_DIR)",
				);
				GCC_PRECOMPILE_PREFIX_HEADER = YES;
				GCC_PREFIX_HEADER = "gittest1/gittest1-Prefix.pch";
				INFOPLIST_FILE = "gittest1Tests/gittest1Tests-Info.plist";
				PRODUCT_NAME = "$(TARGET_NAME)";
				TEST_HOST = "$(BUNDLE_LOADER)";
				WRAPPER_EXTENSION = xctest;
			};
			name = Release;
		};
/* End XCBuildConfiguration section */

/* Begin XCConfigurationList section */
		F3AEB76E19E781D500393BB0 /* Build configuration list for PBXProject "gittest1" */ = {
			isa = XCConfigurationList;
			buildConfigurations = (
				F3AEB79D19E781D500393BB0 /* Debug */,
				F3AEB79E19E781D500393BB0 /* Release */,
			);
			defaultConfigurationIsVisible = 0;
			defaultConfigurationName = Release;
		};
		F3AEB79F19E781D500393BB0 /* Build configuration list for PBXNativeTarget "gittest1" */ = {
			isa = XCConfigurationList;
			buildConfigurations = (
				F3AEB7A019E781D500393BB0 /* Debug */,
				F3AEB7A119E781D500393BB0 /* Release */,
			);
			defaultConfigurationIsVisible = 0;
		};
		F3AEB7A219E781D500393BB0 /* Build configuration list for PBXNativeTarget "gittest1Tests" */ = {
			isa = XCConfigurationList;
			buildConfigurations = (
				F3AEB7A319E781D500393BB0 /* Debug */,
				F3AEB7A419E781D500393BB0 /* Release */,
			);
			defaultConfigurationIsVisible = 0;
		};
/* End XCConfigurationList section */
	};
	rootObject = F3AEB76B19E781D500393BB0 /* Project object */;
}
